// !$*UTF8*$!
{
	archiveVersion = 1;
	classes = {
	};
	objectVersion = 55;
	objects = {

/* Begin PBXBuildFile section */
		D807B32128D11EB400D437B9 /* FavouriteListViewController.swift in Sources */ = {isa = PBXBuildFile; fileRef = D807B32028D11EB400D437B9 /* FavouriteListViewController.swift */; };
		D807B32328D1217D00D437B9 /* TableListCell.swift in Sources */ = {isa = PBXBuildFile; fileRef = D807B32228D1217D00D437B9 /* TableListCell.swift */; };
		D807B32528D125A200D437B9 /* Services.swift in Sources */ = {isa = PBXBuildFile; fileRef = D807B32428D125A200D437B9 /* Services.swift */; };
		D807B32728D2506100D437B9 /* DataController.swift in Sources */ = {isa = PBXBuildFile; fileRef = D807B32628D2506100D437B9 /* DataController.swift */; };
		D807B32B28D3B8AD00D437B9 /* BatchRequest.swift in Sources */ = {isa = PBXBuildFile; fileRef = D807B32A28D3B8AD00D437B9 /* BatchRequest.swift */; };
		D807B32D28D3CBF800D437B9 /* SceneDelegate.swift in Sources */ = {isa = PBXBuildFile; fileRef = D807B32C28D3CBF800D437B9 /* SceneDelegate.swift */; };
		D82CBB2F28AEBCA000D4E941 /* AppDelegate.swift in Sources */ = {isa = PBXBuildFile; fileRef = D82CBB2E28AEBCA000D4E941 /* AppDelegate.swift */; };
		D82CBB3328AEBCA100D4E941 /* MainMapViewController.swift in Sources */ = {isa = PBXBuildFile; fileRef = D82CBB3228AEBCA100D4E941 /* MainMapViewController.swift */; };
		D82CBB3628AEBCA100D4E941 /* Main.storyboard in Resources */ = {isa = PBXBuildFile; fileRef = D82CBB3428AEBCA100D4E941 /* Main.storyboard */; };
		D82CBB3928AEBCA100D4E941 /* BikeBay.xcdatamodeld in Sources */ = {isa = PBXBuildFile; fileRef = D82CBB3728AEBCA100D4E941 /* BikeBay.xcdatamodeld */; };
		D82CBB3B28AEBCA100D4E941 /* Assets.xcassets in Resources */ = {isa = PBXBuildFile; fileRef = D82CBB3A28AEBCA100D4E941 /* Assets.xcassets */; };
		D82CBB3E28AEBCA100D4E941 /* LaunchScreen.storyboard in Resources */ = {isa = PBXBuildFile; fileRef = D82CBB3C28AEBCA100D4E941 /* LaunchScreen.storyboard */; };
		D82CBB4C28B6AE6600D4E941 /* TFLClient.swift in Sources */ = {isa = PBXBuildFile; fileRef = D82CBB4B28B6AE6600D4E941 /* TFLClient.swift */; };
		D82CBB4E28B6B1AD00D4E941 /* TFLResponse.swift in Sources */ = {isa = PBXBuildFile; fileRef = D82CBB4D28B6B1AD00D4E941 /* TFLResponse.swift */; };
		D82CBB5028B6BB8B00D4E941 /* BikeBayModel.swift in Sources */ = {isa = PBXBuildFile; fileRef = D82CBB4F28B6BB8B00D4E941 /* BikeBayModel.swift */; };
		D82CBB5428BE9FF100D4E941 /* BikePointDetailViewController.swift in Sources */ = {isa = PBXBuildFile; fileRef = D82CBB5328BE9FF100D4E941 /* BikePointDetailViewController.swift */; };
		D82CBB5628BEAE7800D4E941 /* TFLBikePointResponse.swift in Sources */ = {isa = PBXBuildFile; fileRef = D82CBB5528BEAE7800D4E941 /* TFLBikePointResponse.swift */; };
		D830425628C73A0200D32A99 /* CollectionViewHeader.swift in Sources */ = {isa = PBXBuildFile; fileRef = D830425528C73A0200D32A99 /* CollectionViewHeader.swift */; };
		D830425828C7E0D700D32A99 /* BikePointDetailViewController+Extension.swift in Sources */ = {isa = PBXBuildFile; fileRef = D830425728C7E0D700D32A99 /* BikePointDetailViewController+Extension.swift */; };
		D8A6977928BFF768007E5BF8 /* BikeCell.swift in Sources */ = {isa = PBXBuildFile; fileRef = D8A6977828BFF768007E5BF8 /* BikeCell.swift */; };
/* End PBXBuildFile section */

/* Begin PBXFileReference section */
		D807B32028D11EB400D437B9 /* FavouriteListViewController.swift */ = {isa = PBXFileReference; lastKnownFileType = sourcecode.swift; path = FavouriteListViewController.swift; sourceTree = "<group>"; };
		D807B32228D1217D00D437B9 /* TableListCell.swift */ = {isa = PBXFileReference; lastKnownFileType = sourcecode.swift; path = TableListCell.swift; sourceTree = "<group>"; };
		D807B32428D125A200D437B9 /* Services.swift */ = {isa = PBXFileReference; lastKnownFileType = sourcecode.swift; path = Services.swift; sourceTree = "<group>"; };
		D807B32628D2506100D437B9 /* DataController.swift */ = {isa = PBXFileReference; lastKnownFileType = sourcecode.swift; path = DataController.swift; sourceTree = "<group>"; };
		D807B32A28D3B8AD00D437B9 /* BatchRequest.swift */ = {isa = PBXFileReference; lastKnownFileType = sourcecode.swift; path = BatchRequest.swift; sourceTree = "<group>"; };
		D807B32C28D3CBF800D437B9 /* SceneDelegate.swift */ = {isa = PBXFileReference; lastKnownFileType = sourcecode.swift; path = SceneDelegate.swift; sourceTree = "<group>"; };
		D82CBB2B28AEBCA000D4E941 /* BikeBay.app */ = {isa = PBXFileReference; explicitFileType = wrapper.application; includeInIndex = 0; path = BikeBay.app; sourceTree = BUILT_PRODUCTS_DIR; };
		D82CBB2E28AEBCA000D4E941 /* AppDelegate.swift */ = {isa = PBXFileReference; lastKnownFileType = sourcecode.swift; path = AppDelegate.swift; sourceTree = "<group>"; };
		D82CBB3228AEBCA100D4E941 /* MainMapViewController.swift */ = {isa = PBXFileReference; lastKnownFileType = sourcecode.swift; path = MainMapViewController.swift; sourceTree = "<group>"; };
		D82CBB3528AEBCA100D4E941 /* Base */ = {isa = PBXFileReference; lastKnownFileType = file.storyboard; name = Base; path = Base.lproj/Main.storyboard; sourceTree = "<group>"; };
		D82CBB3828AEBCA100D4E941 /* BikeBay.xcdatamodel */ = {isa = PBXFileReference; lastKnownFileType = wrapper.xcdatamodel; path = BikeBay.xcdatamodel; sourceTree = "<group>"; };
		D82CBB3A28AEBCA100D4E941 /* Assets.xcassets */ = {isa = PBXFileReference; lastKnownFileType = folder.assetcatalog; path = Assets.xcassets; sourceTree = "<group>"; };
		D82CBB3D28AEBCA100D4E941 /* Base */ = {isa = PBXFileReference; lastKnownFileType = file.storyboard; name = Base; path = Base.lproj/LaunchScreen.storyboard; sourceTree = "<group>"; };
		D82CBB3F28AEBCA100D4E941 /* Info.plist */ = {isa = PBXFileReference; lastKnownFileType = text.plist.xml; path = Info.plist; sourceTree = "<group>"; };
		D82CBB4B28B6AE6600D4E941 /* TFLClient.swift */ = {isa = PBXFileReference; lastKnownFileType = sourcecode.swift; path = TFLClient.swift; sourceTree = "<group>"; };
		D82CBB4D28B6B1AD00D4E941 /* TFLResponse.swift */ = {isa = PBXFileReference; lastKnownFileType = sourcecode.swift; path = TFLResponse.swift; sourceTree = "<group>"; };
		D82CBB4F28B6BB8B00D4E941 /* BikeBayModel.swift */ = {isa = PBXFileReference; lastKnownFileType = sourcecode.swift; path = BikeBayModel.swift; sourceTree = "<group>"; };
		D82CBB5328BE9FF100D4E941 /* BikePointDetailViewController.swift */ = {isa = PBXFileReference; lastKnownFileType = sourcecode.swift; path = BikePointDetailViewController.swift; sourceTree = "<group>"; };
		D82CBB5528BEAE7800D4E941 /* TFLBikePointResponse.swift */ = {isa = PBXFileReference; lastKnownFileType = sourcecode.swift; path = TFLBikePointResponse.swift; sourceTree = "<group>"; };
		D830425528C73A0200D32A99 /* CollectionViewHeader.swift */ = {isa = PBXFileReference; lastKnownFileType = sourcecode.swift; path = CollectionViewHeader.swift; sourceTree = "<group>"; };
		D830425728C7E0D700D32A99 /* BikePointDetailViewController+Extension.swift */ = {isa = PBXFileReference; lastKnownFileType = sourcecode.swift; path = "BikePointDetailViewController+Extension.swift"; sourceTree = "<group>"; };
		D8A6977828BFF768007E5BF8 /* BikeCell.swift */ = {isa = PBXFileReference; lastKnownFileType = sourcecode.swift; path = BikeCell.swift; sourceTree = "<group>"; };
/* End PBXFileReference section */

/* Begin PBXFrameworksBuildPhase section */
		D82CBB2828AEBCA000D4E941 /* Frameworks */ = {
			isa = PBXFrameworksBuildPhase;
			buildActionMask = 2147483647;
			files = (
			);
			runOnlyForDeploymentPostprocessing = 0;
		};
/* End PBXFrameworksBuildPhase section */

/* Begin PBXGroup section */
		D82CBB2228AEBCA000D4E941 = {
			isa = PBXGroup;
			children = (
				D82CBB2D28AEBCA000D4E941 /* BikeBay */,
				D82CBB2C28AEBCA000D4E941 /* Products */,
			);
			sourceTree = "<group>";
		};
		D82CBB2C28AEBCA000D4E941 /* Products */ = {
			isa = PBXGroup;
			children = (
				D82CBB2B28AEBCA000D4E941 /* BikeBay.app */,
			);
			name = Products;
			sourceTree = "<group>";
		};
		D82CBB2D28AEBCA000D4E941 /* BikeBay */ = {
			isa = PBXGroup;
			children = (
				D82CBB2E28AEBCA000D4E941 /* AppDelegate.swift */,
				D807B32C28D3CBF800D437B9 /* SceneDelegate.swift */,
				D82CBB4728AEBF0700D4E941 /* Model */,
				D82CBB4628AEBED000D4E941 /* View */,
				D82CBB4528AEBEB700D4E941 /* Controller */,
				D82CBB4828AEBF2300D4E941 /* Assets */,
				D82CBB3F28AEBCA100D4E941 /* Info.plist */,
			);
			path = BikeBay;
			sourceTree = "<group>";
		};
		D82CBB4528AEBEB700D4E941 /* Controller */ = {
			isa = PBXGroup;
			children = (
				D82CBB3228AEBCA100D4E941 /* MainMapViewController.swift */,
				D807B32028D11EB400D437B9 /* FavouriteListViewController.swift */,
				D82CBB5328BE9FF100D4E941 /* BikePointDetailViewController.swift */,
				D830425728C7E0D700D32A99 /* BikePointDetailViewController+Extension.swift */,
			);
			path = Controller;
			sourceTree = "<group>";
		};
		D82CBB4628AEBED000D4E941 /* View */ = {
			isa = PBXGroup;
			children = (
				D82CBB3428AEBCA100D4E941 /* Main.storyboard */,
				D82CBB3C28AEBCA100D4E941 /* LaunchScreen.storyboard */,
				D8A6977828BFF768007E5BF8 /* BikeCell.swift */,
				D807B32228D1217D00D437B9 /* TableListCell.swift */,
				D830425528C73A0200D32A99 /* CollectionViewHeader.swift */,
			);
			path = View;
			sourceTree = "<group>";
		};
		D82CBB4728AEBF0700D4E941 /* Model */ = {
			isa = PBXGroup;
			children = (
				D82CBB4A28B6AE5100D4E941 /* TFL Client */,
				D82CBB4928B6AE3300D4E941 /* Core Data */,
				D82CBB4F28B6BB8B00D4E941 /* BikeBayModel.swift */,
				D807B32428D125A200D437B9 /* Services.swift */,
			);
			path = Model;
			sourceTree = "<group>";
		};
		D82CBB4828AEBF2300D4E941 /* Assets */ = {
			isa = PBXGroup;
			children = (
				D82CBB3A28AEBCA100D4E941 /* Assets.xcassets */,
			);
			path = Assets;
			sourceTree = "<group>";
		};
		D82CBB4928B6AE3300D4E941 /* Core Data */ = {
			isa = PBXGroup;
			children = (
				D82CBB3728AEBCA100D4E941 /* BikeBay.xcdatamodeld */,
				D807B32628D2506100D437B9 /* DataController.swift */,
				D807B32A28D3B8AD00D437B9 /* BatchRequest.swift */,
			);
			path = "Core Data";
			sourceTree = "<group>";
		};
		D82CBB4A28B6AE5100D4E941 /* TFL Client */ = {
			isa = PBXGroup;
			children = (
				D82CBB4B28B6AE6600D4E941 /* TFLClient.swift */,
				D82CBB4D28B6B1AD00D4E941 /* TFLResponse.swift */,
				D82CBB5528BEAE7800D4E941 /* TFLBikePointResponse.swift */,
			);
			path = "TFL Client";
			sourceTree = "<group>";
		};
/* End PBXGroup section */

/* Begin PBXNativeTarget section */
		D82CBB2A28AEBCA000D4E941 /* BikeBay */ = {
			isa = PBXNativeTarget;
			buildConfigurationList = D82CBB4228AEBCA100D4E941 /* Build configuration list for PBXNativeTarget "BikeBay" */;
			buildPhases = (
				D82CBB2728AEBCA000D4E941 /* Sources */,
				D82CBB2828AEBCA000D4E941 /* Frameworks */,
				D82CBB2928AEBCA000D4E941 /* Resources */,
			);
			buildRules = (
			);
			dependencies = (
			);
			name = BikeBay;
			productName = BikeBay;
			productReference = D82CBB2B28AEBCA000D4E941 /* BikeBay.app */;
			productType = "com.apple.product-type.application";
		};
/* End PBXNativeTarget section */

/* Begin PBXProject section */
		D82CBB2328AEBCA000D4E941 /* Project object */ = {
			isa = PBXProject;
			attributes = {
				BuildIndependentTargetsInParallel = 1;
				LastSwiftUpdateCheck = 1340;
				LastUpgradeCheck = 1340;
				TargetAttributes = {
					D82CBB2A28AEBCA000D4E941 = {
						CreatedOnToolsVersion = 13.4.1;
					};
				};
			};
			buildConfigurationList = D82CBB2628AEBCA000D4E941 /* Build configuration list for PBXProject "BikeBay" */;
			compatibilityVersion = "Xcode 13.0";
			developmentRegion = en;
			hasScannedForEncodings = 0;
			knownRegions = (
				en,
				Base,
			);
			mainGroup = D82CBB2228AEBCA000D4E941;
			productRefGroup = D82CBB2C28AEBCA000D4E941 /* Products */;
			projectDirPath = "";
			projectRoot = "";
			targets = (
				D82CBB2A28AEBCA000D4E941 /* BikeBay */,
			);
		};
/* End PBXProject section */

/* Begin PBXResourcesBuildPhase section */
		D82CBB2928AEBCA000D4E941 /* Resources */ = {
			isa = PBXResourcesBuildPhase;
			buildActionMask = 2147483647;
			files = (
				D82CBB3E28AEBCA100D4E941 /* LaunchScreen.storyboard in Resources */,
				D82CBB3B28AEBCA100D4E941 /* Assets.xcassets in Resources */,
				D82CBB3628AEBCA100D4E941 /* Main.storyboard in Resources */,
			);
			runOnlyForDeploymentPostprocessing = 0;
		};
/* End PBXResourcesBuildPhase section */

/* Begin PBXSourcesBuildPhase section */
		D82CBB2728AEBCA000D4E941 /* Sources */ = {
			isa = PBXSourcesBuildPhase;
			buildActionMask = 2147483647;
			files = (
				D82CBB3328AEBCA100D4E941 /* MainMapViewController.swift in Sources */,
				D82CBB4E28B6B1AD00D4E941 /* TFLResponse.swift in Sources */,
				D807B32128D11EB400D437B9 /* FavouriteListViewController.swift in Sources */,
				D82CBB2F28AEBCA000D4E941 /* AppDelegate.swift in Sources */,
				D807B32328D1217D00D437B9 /* TableListCell.swift in Sources */,
				D82CBB4C28B6AE6600D4E941 /* TFLClient.swift in Sources */,
				D82CBB5028B6BB8B00D4E941 /* BikeBayModel.swift in Sources */,
				D807B32D28D3CBF800D437B9 /* SceneDelegate.swift in Sources */,
				D8A6977928BFF768007E5BF8 /* BikeCell.swift in Sources */,
				D807B32B28D3B8AD00D437B9 /* BatchRequest.swift in Sources */,
				D830425628C73A0200D32A99 /* CollectionViewHeader.swift in Sources */,
				D807B32528D125A200D437B9 /* Services.swift in Sources */,
				D82CBB3928AEBCA100D4E941 /* BikeBay.xcdatamodeld in Sources */,
				D82CBB5628BEAE7800D4E941 /* TFLBikePointResponse.swift in Sources */,
				D807B32728D2506100D437B9 /* DataController.swift in Sources */,
				D82CBB5428BE9FF100D4E941 /* BikePointDetailViewController.swift in Sources */,
				D830425828C7E0D700D32A99 /* BikePointDetailViewController+Extension.swift in Sources */,
			);
			runOnlyForDeploymentPostprocessing = 0;
		};
/* End PBXSourcesBuildPhase section */

/* Begin PBXVariantGroup section */
		D82CBB3428AEBCA100D4E941 /* Main.storyboard */ = {
			isa = PBXVariantGroup;
			children = (
				D82CBB3528AEBCA100D4E941 /* Base */,
			);
			name = Main.storyboard;
			sourceTree = "<group>";
		};
		D82CBB3C28AEBCA100D4E941 /* LaunchScreen.storyboard */ = {
			isa = PBXVariantGroup;
			children = (
				D82CBB3D28AEBCA100D4E941 /* Base */,
			);
			name = LaunchScreen.storyboard;
			sourceTree = "<group>";
		};
/* End PBXVariantGroup section */

/* Begin XCBuildConfiguration section */
		D82CBB4028AEBCA100D4E941 /* Debug */ = {
			isa = XCBuildConfiguration;
			buildSettings = {
				ALWAYS_SEARCH_USER_PATHS = NO;
				CLANG_ANALYZER_NONNULL = YES;
				CLANG_ANALYZER_NUMBER_OBJECT_CONVERSION = YES_AGGRESSIVE;
				CLANG_CXX_LANGUAGE_STANDARD = "gnu++17";
				CLANG_ENABLE_MODULES = YES;
				CLANG_ENABLE_OBJC_ARC = YES;
				CLANG_ENABLE_OBJC_WEAK = YES;
				CLANG_WARN_BLOCK_CAPTURE_AUTORELEASING = YES;
				CLANG_WARN_BOOL_CONVERSION = YES;
				CLANG_WARN_COMMA = YES;
				CLANG_WARN_CONSTANT_CONVERSION = YES;
				CLANG_WARN_DEPRECATED_OBJC_IMPLEMENTATIONS = YES;
				CLANG_WARN_DIRECT_OBJC_ISA_USAGE = YES_ERROR;
				CLANG_WARN_DOCUMENTATION_COMMENTS = YES;
				CLANG_WARN_EMPTY_BODY = YES;
				CLANG_WARN_ENUM_CONVERSION = YES;
				CLANG_WARN_INFINITE_RECURSION = YES;
				CLANG_WARN_INT_CONVERSION = YES;
				CLANG_WARN_NON_LITERAL_NULL_CONVERSION = YES;
				CLANG_WARN_OBJC_IMPLICIT_RETAIN_SELF = YES;
				CLANG_WARN_OBJC_LITERAL_CONVERSION = YES;
				CLANG_WARN_OBJC_ROOT_CLASS = YES_ERROR;
				CLANG_WARN_QUOTED_INCLUDE_IN_FRAMEWORK_HEADER = YES;
				CLANG_WARN_RANGE_LOOP_ANALYSIS = YES;
				CLANG_WARN_STRICT_PROTOTYPES = YES;
				CLANG_WARN_SUSPICIOUS_MOVE = YES;
				CLANG_WARN_UNGUARDED_AVAILABILITY = YES_AGGRESSIVE;
				CLANG_WARN_UNREACHABLE_CODE = YES;
				CLANG_WARN__DUPLICATE_METHOD_MATCH = YES;
				COPY_PHASE_STRIP = NO;
				DEBUG_INFORMATION_FORMAT = dwarf;
				ENABLE_STRICT_OBJC_MSGSEND = YES;
				ENABLE_TESTABILITY = YES;
				GCC_C_LANGUAGE_STANDARD = gnu11;
				GCC_DYNAMIC_NO_PIC = NO;
				GCC_NO_COMMON_BLOCKS = YES;
				GCC_OPTIMIZATION_LEVEL = 0;
				GCC_PREPROCESSOR_DEFINITIONS = (
					"DEBUG=1",
					"$(inherited)",
				);
				GCC_WARN_64_TO_32_BIT_CONVERSION = YES;
				GCC_WARN_ABOUT_RETURN_TYPE = YES_ERROR;
				GCC_WARN_UNDECLARED_SELECTOR = YES;
				GCC_WARN_UNINITIALIZED_AUTOS = YES_AGGRESSIVE;
				GCC_WARN_UNUSED_FUNCTION = YES;
				GCC_WARN_UNUSED_VARIABLE = YES;
				IPHONEOS_DEPLOYMENT_TARGET = 15.5;
				MTL_ENABLE_DEBUG_INFO = INCLUDE_SOURCE;
				MTL_FAST_MATH = YES;
				ONLY_ACTIVE_ARCH = YES;
				SDKROOT = iphoneos;
				SWIFT_ACTIVE_COMPILATION_CONDITIONS = DEBUG;
				SWIFT_OPTIMIZATION_LEVEL = "-Onone";
			};
			name = Debug;
		};
		D82CBB4128AEBCA100D4E941 /* Release */ = {
			isa = XCBuildConfiguration;
			buildSettings = {
				ALWAYS_SEARCH_USER_PATHS = NO;
				CLANG_ANALYZER_NONNULL = YES;
				CLANG_ANALYZER_NUMBER_OBJECT_CONVERSION = YES_AGGRESSIVE;
				CLANG_CXX_LANGUAGE_STANDARD = "gnu++17";
				CLANG_ENABLE_MODULES = YES;
				CLANG_ENABLE_OBJC_ARC = YES;
				CLANG_ENABLE_OBJC_WEAK = YES;
				CLANG_WARN_BLOCK_CAPTURE_AUTORELEASING = YES;
				CLANG_WARN_BOOL_CONVERSION = YES;
				CLANG_WARN_COMMA = YES;
				CLANG_WARN_CONSTANT_CONVERSION = YES;
				CLANG_WARN_DEPRECATED_OBJC_IMPLEMENTATIONS = YES;
				CLANG_WARN_DIRECT_OBJC_ISA_USAGE = YES_ERROR;
				CLANG_WARN_DOCUMENTATION_COMMENTS = YES;
				CLANG_WARN_EMPTY_BODY = YES;
				CLANG_WARN_ENUM_CONVERSION = YES;
				CLANG_WARN_INFINITE_RECURSION = YES;
				CLANG_WARN_INT_CONVERSION = YES;
				CLANG_WARN_NON_LITERAL_NULL_CONVERSION = YES;
				CLANG_WARN_OBJC_IMPLICIT_RETAIN_SELF = YES;
				CLANG_WARN_OBJC_LITERAL_CONVERSION = YES;
				CLANG_WARN_OBJC_ROOT_CLASS = YES_ERROR;
				CLANG_WARN_QUOTED_INCLUDE_IN_FRAMEWORK_HEADER = YES;
				CLANG_WARN_RANGE_LOOP_ANALYSIS = YES;
				CLANG_WARN_STRICT_PROTOTYPES = YES;
				CLANG_WARN_SUSPICIOUS_MOVE = YES;
				CLANG_WARN_UNGUARDED_AVAILABILITY = YES_AGGRESSIVE;
				CLANG_WARN_UNREACHABLE_CODE = YES;
				CLANG_WARN__DUPLICATE_METHOD_MATCH = YES;
				COPY_PHASE_STRIP = NO;
				DEBUG_INFORMATION_FORMAT = "dwarf-with-dsym";
				ENABLE_NS_ASSERTIONS = NO;
				ENABLE_STRICT_OBJC_MSGSEND = YES;
				GCC_C_LANGUAGE_STANDARD = gnu11;
				GCC_NO_COMMON_BLOCKS = YES;
				GCC_WARN_64_TO_32_BIT_CONVERSION = YES;
				GCC_WARN_ABOUT_RETURN_TYPE = YES_ERROR;
				GCC_WARN_UNDECLARED_SELECTOR = YES;
				GCC_WARN_UNINITIALIZED_AUTOS = YES_AGGRESSIVE;
				GCC_WARN_UNUSED_FUNCTION = YES;
				GCC_WARN_UNUSED_VARIABLE = YES;
				IPHONEOS_DEPLOYMENT_TARGET = 15.5;
				MTL_ENABLE_DEBUG_INFO = NO;
				MTL_FAST_MATH = YES;
				SDKROOT = iphoneos;
				SWIFT_COMPILATION_MODE = wholemodule;
				SWIFT_OPTIMIZATION_LEVEL = "-O";
				VALIDATE_PRODUCT = YES;
			};
			name = Release;
		};
		D82CBB4328AEBCA100D4E941 /* Debug */ = {
			isa = XCBuildConfiguration;
			buildSettings = {
				ASSETCATALOG_COMPILER_APPICON_NAME = AppIcon;
				ASSETCATALOG_COMPILER_GLOBAL_ACCENT_COLOR_NAME = AccentColor;
				CODE_SIGN_STYLE = Automatic;
				CURRENT_PROJECT_VERSION = 1;
				DEVELOPMENT_TEAM = H2WYXEJN79;
				GENERATE_INFOPLIST_FILE = YES;
				INFOPLIST_FILE = BikeBay/Info.plist;
				INFOPLIST_KEY_UIApplicationSupportsIndirectInputEvents = YES;
				INFOPLIST_KEY_UILaunchStoryboardName = LaunchScreen;
				INFOPLIST_KEY_UIMainStoryboardFile = Main;
				INFOPLIST_KEY_UISupportedInterfaceOrientations = UIInterfaceOrientationPortrait;
				INFOPLIST_KEY_UISupportedInterfaceOrientations_iPad = "UIInterfaceOrientationPortrait UIInterfaceOrientationPortraitUpsideDown UIInterfaceOrientationLandscapeLeft UIInterfaceOrientationLandscapeRight";
				INFOPLIST_KEY_UISupportedInterfaceOrientations_iPhone = "UIInterfaceOrientationPortrait UIInterfaceOrientationLandscapeLeft UIInterfaceOrientationLandscapeRight";
				LD_RUNPATH_SEARCH_PATHS = (
					"$(inherited)",
					"@executable_path/Frameworks",
				);
				MARKETING_VERSION = 1.0;
				PRODUCT_BUNDLE_IDENTIFIER = ATApps.BikeBay;
				PRODUCT_NAME = "$(TARGET_NAME)";
				SWIFT_EMIT_LOC_STRINGS = YES;
				SWIFT_VERSION = 5.0;
				TARGETED_DEVICE_FAMILY = 1;
			};
			name = Debug;
		};
		D82CBB4428AEBCA100D4E941 /* Release */ = {
			isa = XCBuildConfiguration;
			buildSettings = {
				ASSETCATALOG_COMPILER_APPICON_NAME = AppIcon;
				ASSETCATALOG_COMPILER_GLOBAL_ACCENT_COLOR_NAME = AccentColor;
				CODE_SIGN_STYLE = Automatic;
				CURRENT_PROJECT_VERSION = 1;
				DEVELOPMENT_TEAM = H2WYXEJN79;
				GENERATE_INFOPLIST_FILE = YES;
				INFOPLIST_FILE = BikeBay/Info.plist;
				INFOPLIST_KEY_UIApplicationSupportsIndirectInputEvents = YES;
				INFOPLIST_KEY_UILaunchStoryboardName = LaunchScreen;
				INFOPLIST_KEY_UIMainStoryboardFile = Main;
				INFOPLIST_KEY_UISupportedInterfaceOrientations = UIInterfaceOrientationPortrait;
				INFOPLIST_KEY_UISupportedInterfaceOrientations_iPad = "UIInterfaceOrientationPortrait UIInterfaceOrientationPortraitUpsideDown UIInterfaceOrientationLandscapeLeft UIInterfaceOrientationLandscapeRight";
				INFOPLIST_KEY_UISupportedInterfaceOrientations_iPhone = "UIInterfaceOrientationPortrait UIInterfaceOrientationLandscapeLeft UIInterfaceOrientationLandscapeRight";
				LD_RUNPATH_SEARCH_PATHS = (
					"$(inherited)",
					"@executable_path/Frameworks",
				);
				MARKETING_VERSION = 1.0;
				PRODUCT_BUNDLE_IDENTIFIER = ATApps.BikeBay;
				PRODUCT_NAME = "$(TARGET_NAME)";
				SWIFT_EMIT_LOC_STRINGS = YES;
				SWIFT_VERSION = 5.0;
				TARGETED_DEVICE_FAMILY = 1;
			};
			name = Release;
		};
/* End XCBuildConfiguration section */

/* Begin XCConfigurationList section */
		D82CBB2628AEBCA000D4E941 /* Build configuration list for PBXProject "BikeBay" */ = {
			isa = XCConfigurationList;
			buildConfigurations = (
				D82CBB4028AEBCA100D4E941 /* Debug */,
				D82CBB4128AEBCA100D4E941 /* Release */,
			);
			defaultConfigurationIsVisible = 0;
			defaultConfigurationName = Release;
		};
		D82CBB4228AEBCA100D4E941 /* Build configuration list for PBXNativeTarget "BikeBay" */ = {
			isa = XCConfigurationList;
			buildConfigurations = (
				D82CBB4328AEBCA100D4E941 /* Debug */,
				D82CBB4428AEBCA100D4E941 /* Release */,
			);
			defaultConfigurationIsVisible = 0;
			defaultConfigurationName = Release;
		};
/* End XCConfigurationList section */

/* Begin XCVersionGroup section */
		D82CBB3728AEBCA100D4E941 /* BikeBay.xcdatamodeld */ = {
			isa = XCVersionGroup;
			children = (
				D82CBB3828AEBCA100D4E941 /* BikeBay.xcdatamodel */,
			);
			currentVersion = D82CBB3828AEBCA100D4E941 /* BikeBay.xcdatamodel */;
			path = BikeBay.xcdatamodeld;
			sourceTree = "<group>";
			versionGroupType = wrapper.xcdatamodel;
		};
/* End XCVersionGroup section */
	};
	rootObject = D82CBB2328AEBCA000D4E941 /* Project object */;
}
